github.com/ebitengine/purego v0.10.0 h1:QIw4xfpWT6GWTzaW5XEKy3HXoqrJGx1ijYHzTF0/ISU=
github.com/ebitengine/purego v0.10.0/go.mod h1:iIjxzd6CiRiOG0UyXP+V1+jWqUXVjPKLAI0mRfJZTmQ=
github.com/energye/energy/v3 v3.0.7 h1:vRDCo5khxAjFbBm4X0Ayf67r9w11WKrGwTvBduK5P6Q=
github.com/energye/energy/v3 v3.0.7/go.mod h1:vxjx4EQYFyPeOxOghDcoVyLLtN1IXUcyd8ogkViu+1s=
github.com/energye/lcl v1.0.4 h1:X59Y2MkF0Ie+hQwfV/oRkc1cVbIZb0r39MRTPvNnH1E=
github.com/energye/lcl v1.0.4/go.mod h1:k9apUIp1r1FMg1e+S3psbS4rQigEiyOmqxMsIOOz+Rs=
golang.org/x/image v0.24.0 h1:AN7zRgVsbvmTfNyqIbbOraYL8mSwcKncEj8ofjgzcMQ=
golang.org/x/image v0.24.0/go.mod h1:4b/ITuLfqYq1hqZcjofwctIhi7sZh2WaCjvsBNjjya8=
